
Microsoft Visual Studio Solution File, Format Version 12.00
# Visual Studio Version 17
VisualStudioVersion = 17.11.35327.3
MinimumVisualStudioVersion = 10.0.40219.1
Project("{9A19103F-16F7-4668-BE54-9A1E7A4F7556}") = "SFC.Templates", "SFC.Templates.csproj", "{24939587-B84C-4D7A-8DEE-85EB8BFADF6D}"
EndProject
Global
	GlobalSection(SolutionConfigurationPlatforms) = preSolution
		Debug|Any CPU = Debug|Any CPU
		Release|Any CPU = Release|Any CPU
	EndGlobalSection
	GlobalSection(ProjectConfigurationPlatforms) = postSolution
		{24939587-B84C-4D7A-8DEE-85EB8BFADF6D}.Debug|Any CPU.ActiveCfg = Debug|Any CPU
		{24939587-B84C-4D7A-8DEE-85EB8BFADF6D}.Debug|Any CPU.Build.0 = Debug|Any CPU
		{24939587-B84C-4D7A-8DEE-85EB8BFADF6D}.Release|Any CPU.ActiveCfg = Release|Any CPU
		{24939587-B84C-4D7A-8DEE-85EB8BFADF6D}.Release|Any CPU.Build.0 = Release|Any CPU
	EndGlobalSection
	GlobalSection(SolutionProperties) = preSolution
		HideSolutionNode = FALSE
	EndGlobalSection
	GlobalSection(ExtensibilityGlobals) = postSolution
		SolutionGuid = {AEA3D92D-7F32-436C-81BD-E9ED1EB2E037}
	EndGlobalSection
EndGlobal
